
Microsoft Visual Studio Solution File, Format Version 12.00
# Visual Studio Version 17
VisualStudioVersion = 17.14.36221.1 d17.14
MinimumVisualStudioVersion = 10.0.40219.1
Project("{FAE04EC0-301F-11D3-BF4B-00C04F79EFBC}") = "SvgResizer", "SvgResizer\SvgResizer.csproj", "{360869B4-69FA-4EEF-BF68-B52689A29F9F}"
EndProject
Global
	GlobalSection(SolutionConfigurationPlatforms) = preSolution
		Debug|Any CPU = Debug|Any CPU
		Release|Any CPU = Release|Any CPU
	EndGlobalSection
	GlobalSection(ProjectConfigurationPlatforms) = postSolution
		{360869B4-69FA-4EEF-BF68-B52689A29F9F}.Debug|Any CPU.ActiveCfg = Debug|Any CPU
		{360869B4-69FA-4EEF-BF68-B52689A29F9F}.Debug|Any CPU.Build.0 = Debug|Any CPU
		{360869B4-69FA-4EEF-BF68-B52689A29F9F}.Release|Any CPU.ActiveCfg = Release|Any CPU
		{360869B4-69FA-4EEF-BF68-B52689A29F9F}.Release|Any CPU.Build.0 = Release|Any CPU
	EndGlobalSection
	GlobalSection(SolutionProperties) = preSolution
		HideSolutionNode = FALSE
	EndGlobalSection
	GlobalSection(ExtensibilityGlobals) = postSolution
		SolutionGuid = {2327C386-8065-4A59-8D4F-07C3FF0C1C8E}
	EndGlobalSection
EndGlobal
